
Microsoft Visual Studio Solution File, Format Version 12.00
# Visual Studio Version 16
VisualStudioVersion = 16.0.30907.101
MinimumVisualStudioVersion = 10.0.40219.1
Project("{FAE04EC0-301F-11D3-BF4B-00C04F79EFBC}") = "BusinessERP", "BusinessERP\BusinessERP.csproj", "{D6DACC45-C8DF-45CC-8E50-8A65DDBCEEC0}"
EndProject
Global
	GlobalSection(SolutionConfigurationPlatforms) = preSolution
		Debug|Any CPU = Debug|Any CPU
		Release|Any CPU = Release|Any CPU
	EndGlobalSection
	GlobalSection(ProjectConfigurationPlatforms) = postSolution
		{D6DACC45-C8DF-45CC-8E50-8A65DDBCEEC0}.Debug|Any CPU.ActiveCfg = Debug|Any CPU
		{D6DACC45-C8DF-45CC-8E50-8A65DDBCEEC0}.Debug|Any CPU.Build.0 = Debug|Any CPU
		{D6DACC45-C8DF-45CC-8E50-8A65DDBCEEC0}.Release|Any CPU.ActiveCfg = Release|Any CPU
		{D6DACC45-C8DF-45CC-8E50-8A65DDBCEEC0}.Release|Any CPU.Build.0 = Release|Any CPU
	EndGlobalSection
	GlobalSection(SolutionProperties) = preSolution
		HideSolutionNode = FALSE
	EndGlobalSection
	GlobalSection(ExtensibilityGlobals) = postSolution
		SolutionGuid = {E50E7B73-5872-4105-A52B-C3C0D80561BF}
	EndGlobalSection
EndGlobal
